// !$*UTF8*$!
{
	archiveVersion = 1;
	classes = {
	};
	objectVersion = 46;
	objects = {

/* Begin PBXBuildFile section */
		179448E91B724E0400D48AFB /* main.m in Sources */ = {isa = PBXBuildFile; fileRef = 179448E81B724E0400D48AFB /* main.m */; };
		179448EC1B724E0400D48AFB /* AppDelegate.m in Sources */ = {isa = PBXBuildFile; fileRef = 179448EB1B724E0400D48AFB /* AppDelegate.m */; };
		179448EF1B724E0400D48AFB /* iOCR.xcdatamodeld in Sources */ = {isa = PBXBuildFile; fileRef = 179448ED1B724E0400D48AFB /* iOCR.xcdatamodeld */; };
		179448F21B724E0400D48AFB /* ViewController.m in Sources */ = {isa = PBXBuildFile; fileRef = 179448F11B724E0400D48AFB /* ViewController.m */; };
		179448F51B724E0400D48AFB /* Main.storyboard in Resources */ = {isa = PBXBuildFile; fileRef = 179448F31B724E0400D48AFB /* Main.storyboard */; };
		179448F71B724E0400D48AFB /* Images.xcassets in Resources */ = {isa = PBXBuildFile; fileRef = 179448F61B724E0400D48AFB /* Images.xcassets */; };
		179448FA1B724E0400D48AFB /* LaunchScreen.xib in Resources */ = {isa = PBXBuildFile; fileRef = 179448F81B724E0400D48AFB /* LaunchScreen.xib */; };
		179449061B724E0400D48AFB /* iOCRTests.m in Sources */ = {isa = PBXBuildFile; fileRef = 179449051B724E0400D48AFB /* iOCRTests.m */; };
/* End PBXBuildFile section */

/* Begin PBXContainerItemProxy section */
		179449001B724E0400D48AFB /* PBXContainerItemProxy */ = {
			isa = PBXContainerItemProxy;
			containerPortal = 179448DB1B724E0400D48AFB /* Project object */;
			proxyType = 1;
			remoteGlobalIDString = 179448E21B724E0400D48AFB;
			remoteInfo = iOCR;
		};
/* End PBXContainerItemProxy section */

/* Begin PBXFileReference section */
		179448E31B724E0400D48AFB /* iOCR.app */ = {isa = PBXFileReference; explicitFileType = wrapper.application; includeInIndex = 0; path = iOCR.app; sourceTree = BUILT_PRODUCTS_DIR; };
		179448E71B724E0400D48AFB /* Info.plist */ = {isa = PBXFileReference; lastKnownFileType = text.plist.xml; path = Info.plist; sourceTree = "<group>"; };
		179448E81B724E0400D48AFB /* main.m */ = {isa = PBXFileReference; lastKnownFileType = sourcecode.c.objc; path = main.m; sourceTree = "<group>"; };
		179448EA1B724E0400D48AFB /* AppDelegate.h */ = {isa = PBXFileReference; lastKnownFileType = sourcecode.c.h; path = AppDelegate.h; sourceTree = "<group>"; };
		179448EB1B724E0400D48AFB /* AppDelegate.m */ = {isa = PBXFileReference; lastKnownFileType = sourcecode.c.objc; path = AppDelegate.m; sourceTree = "<group>"; };
		179448EE1B724E0400D48AFB /* iOCR.xcdatamodel */ = {isa = PBXFileReference; lastKnownFileType = wrapper.xcdatamodel; path = iOCR.xcdatamodel; sourceTree = "<group>"; };
		179448F01B724E0400D48AFB /* ViewController.h */ = {isa = PBXFileReference; lastKnownFileType = sourcecode.c.h; path = ViewController.h; sourceTree = "<group>"; };
		179448F11B724E0400D48AFB /* ViewController.m */ = {isa = PBXFileReference; lastKnownFileType = sourcecode.c.objc; path = ViewController.m; sourceTree = "<group>"; };
		179448F41B724E0400D48AFB /* Base */ = {isa = PBXFileReference; lastKnownFileType = file.storyboard; name = Base; path = Base.lproj/Main.storyboard; sourceTree = "<group>"; };
		179448F61B724E0400D48AFB /* Images.xcassets */ = {isa = PBXFileReference; lastKnownFileType = folder.assetcatalog; path = Images.xcassets; sourceTree = "<group>"; };
		179448F91B724E0400D48AFB /* Base */ = {isa = PBXFileReference; lastKnownFileType = file.xib; name = Base; path = Base.lproj/LaunchScreen.xib; sourceTree = "<group>"; };
		179448FF1B724E0400D48AFB /* iOCRTests.xctest */ = {isa = PBXFileReference; explicitFileType = wrapper.cfbundle; includeInIndex = 0; path = iOCRTests.xctest; sourceTree = BUILT_PRODUCTS_DIR; };
		179449041B724E0400D48AFB /* Info.plist */ = {isa = PBXFileReference; lastKnownFileType = text.plist.xml; path = Info.plist; sourceTree = "<group>"; };
		179449051B724E0400D48AFB /* iOCRTests.m */ = {isa = PBXFileReference; lastKnownFileType = sourcecode.c.objc; path = iOCRTests.m; sourceTree = "<group>"; };
/* End PBXFileReference section */

/* Begin PBXFrameworksBuildPhase section */
		179448E01B724E0400D48AFB /* Frameworks */ = {
			isa = PBXFrameworksBuildPhase;
			buildActionMask = 2147483647;
			files = (
			);
			runOnlyForDeploymentPostprocessing = 0;
		};
		179448FC1B724E0400D48AFB /* Frameworks */ = {
			isa = PBXFrameworksBuildPhase;
			buildActionMask = 2147483647;
			files = (
			);
			runOnlyForDeploymentPostprocessing = 0;
		};
/* End PBXFrameworksBuildPhase section */

/* Begin PBXGroup section */
		179448DA1B724E0400D48AFB = {
			isa = PBXGroup;
			children = (
				179448E51B724E0400D48AFB /* iOCR */,
				179449021B724E0400D48AFB /* iOCRTests */,
				179448E41B724E0400D48AFB /* Products */,
			);
			sourceTree = "<group>";
		};
		179448E41B724E0400D48AFB /* Products */ = {
			isa = PBXGroup;
			children = (
				179448E31B724E0400D48AFB /* iOCR.app */,
				179448FF1B724E0400D48AFB /* iOCRTests.xctest */,
			);
			name = Products;
			sourceTree = "<group>";
		};
		179448E51B724E0400D48AFB /* iOCR */ = {
			isa = PBXGroup;
			children = (
				179448EA1B724E0400D48AFB /* AppDelegate.h */,
				179448EB1B724E0400D48AFB /* AppDelegate.m */,
				179448F01B724E0400D48AFB /* ViewController.h */,
				179448F11B724E0400D48AFB /* ViewController.m */,
				179448F31B724E0400D48AFB /* Main.storyboard */,
				179448F61B724E0400D48AFB /* Images.xcassets */,
				179448F81B724E0400D48AFB /* LaunchScreen.xib */,
				179448ED1B724E0400D48AFB /* iOCR.xcdatamodeld */,
				179448E61B724E0400D48AFB /* Supporting Files */,
			);
			path = iOCR;
			sourceTree = "<group>";
		};
		179448E61B724E0400D48AFB /* Supporting Files */ = {
			isa = PBXGroup;
			children = (
				179448E71B724E0400D48AFB /* Info.plist */,
				179448E81B724E0400D48AFB /* main.m */,
			);
			name = "Supporting Files";
			sourceTree = "<group>";
		};
		179449021B724E0400D48AFB /* iOCRTests */ = {
			isa = PBXGroup;
			children = (
				179449051B724E0400D48AFB /* iOCRTests.m */,
				179449031B724E0400D48AFB /* Supporting Files */,
			);
			path = iOCRTests;
			sourceTree = "<group>";
		};
		179449031B724E0400D48AFB /* Supporting Files */ = {
			isa = PBXGroup;
			children = (
				179449041B724E0400D48AFB /* Info.plist */,
			);
			name = "Supporting Files";
			sourceTree = "<group>";
		};
/* End PBXGroup section */

/* Begin PBXNativeTarget section */
		179448E21B724E0400D48AFB /* iOCR */ = {
			isa = PBXNativeTarget;
			buildConfigurationList = 179449091B724E0400D48AFB /* Build configuration list for PBXNativeTarget "iOCR" */;
			buildPhases = (
				179448DF1B724E0400D48AFB /* Sources */,
				179448E01B724E0400D48AFB /* Frameworks */,
				179448E11B724E0400D48AFB /* Resources */,
			);
			buildRules = (
			);
			dependencies = (
			);
			name = iOCR;
			productName = iOCR;
			productReference = 179448E31B724E0400D48AFB /* iOCR.app */;
			productType = "com.apple.product-type.application";
		};
		179448FE1B724E0400D48AFB /* iOCRTests */ = {
			isa = PBXNativeTarget;
			buildConfigurationList = 1794490C1B724E0400D48AFB /* Build configuration list for PBXNativeTarget "iOCRTests" */;
			buildPhases = (
				179448FB1B724E0400D48AFB /* Sources */,
				179448FC1B724E0400D48AFB /* Frameworks */,
				179448FD1B724E0400D48AFB /* Resources */,
			);
			buildRules = (
			);
			dependencies = (
				179449011B724E0400D48AFB /* PBXTargetDependency */,
			);
			name = iOCRTests;
			productName = iOCRTests;
			productReference = 179448FF1B724E0400D48AFB /* iOCRTests.xctest */;
			productType = "com.apple.product-type.bundle.unit-test";
		};
/* End PBXNativeTarget section */

/* Begin PBXProject section */
		179448DB1B724E0400D48AFB /* Project object */ = {
			isa = PBXProject;
			attributes = {
				LastUpgradeCheck = 0640;
				ORGANIZATIONNAME = T.Inukai;
				TargetAttributes = {
					179448E21B724E0400D48AFB = {
						CreatedOnToolsVersion = 6.4;
					};
					179448FE1B724E0400D48AFB = {
						CreatedOnToolsVersion = 6.4;
						TestTargetID = 179448E21B724E0400D48AFB;
					};
				};
			};
			buildConfigurationList = 179448DE1B724E0400D48AFB /* Build configuration list for PBXProject "iOCR" */;
			compatibilityVersion = "Xcode 3.2";
			developmentRegion = English;
			hasScannedForEncodings = 0;
			knownRegions = (
				en,
				Base,
			);
			mainGroup = 179448DA1B724E0400D48AFB;
			productRefGroup = 179448E41B724E0400D48AFB /* Products */;
			projectDirPath = "";
			projectRoot = "";
			targets = (
				179448E21B724E0400D48AFB /* iOCR */,
				179448FE1B724E0400D48AFB /* iOCRTests */,
			);
		};
/* End PBXProject section */

/* Begin PBXResourcesBuildPhase section */
		179448E11B724E0400D48AFB /* Resources */ = {
			isa = PBXResourcesBuildPhase;
			buildActionMask = 2147483647;
			files = (
				179448F51B724E0400D48AFB /* Main.storyboard in Resources */,
				179448FA1B724E0400D48AFB /* LaunchScreen.xib in Resources */,
				179448F71B724E0400D48AFB /* Images.xcassets in Resources */,
			);
			runOnlyForDeploymentPostprocessing = 0;
		};
		179448FD1B724E0400D48AFB /* Resources */ = {
			isa = PBXResourcesBuildPhase;
			buildActionMask = 2147483647;
			files = (
			);
			runOnlyForDeploymentPostprocessing = 0;
		};
/* End PBXResourcesBuildPhase section */

/* Begin PBXSourcesBuildPhase section */
		179448DF1B724E0400D48AFB /* Sources */ = {
			isa = PBXSourcesBuildPhase;
			buildActionMask = 2147483647;
			files = (
				179448EF1B724E0400D48AFB /* iOCR.xcdatamodeld in Sources */,
				179448EC1B724E0400D48AFB /* AppDelegate.m in Sources */,
				179448F21B724E0400D48AFB /* ViewController.m in Sources */,
				179448E91B724E0400D48AFB /* main.m in Sources */,
			);
			runOnlyForDeploymentPostprocessing = 0;
		};
		179448FB1B724E0400D48AFB /* Sources */ = {
			isa = PBXSourcesBuildPhase;
			buildActionMask = 2147483647;
			files = (
				179449061B724E0400D48AFB /* iOCRTests.m in Sources */,
			);
			runOnlyForDeploymentPostprocessing = 0;
		};
/* End PBXSourcesBuildPhase section */

/* Begin PBXTargetDependency section */
		179449011B724E0400D48AFB /* PBXTargetDependency */ = {
			isa = PBXTargetDependency;
			target = 179448E21B724E0400D48AFB /* iOCR */;
			targetProxy = 179449001B724E0400D48AFB /* PBXContainerItemProxy */;
		};
/* End PBXTargetDependency section */

/* Begin PBXVariantGroup section */
		179448F31B724E0400D48AFB /* Main.storyboard */ = {
			isa = PBXVariantGroup;
			children = (
				179448F41B724E0400D48AFB /* Base */,
			);
			name = Main.storyboard;
			sourceTree = "<group>";
		};
		179448F81B724E0400D48AFB /* LaunchScreen.xib */ = {
			isa = PBXVariantGroup;
			children = (
				179448F91B724E0400D48AFB /* Base */,
			);
			name = LaunchScreen.xib;
			sourceTree = "<group>";
		};
/* End PBXVariantGroup section */

/* Begin XCBuildConfiguration section */
		179449071B724E0400D48AFB /* Debug */ = {
			isa = XCBuildConfiguration;
			buildSettings = {
				ALWAYS_SEARCH_USER_PATHS = NO;
				CLANG_CXX_LANGUAGE_STANDARD = "gnu++0x";
				CLANG_CXX_LIBRARY = "libc++";
				CLANG_ENABLE_MODULES = YES;
				CLANG_ENABLE_OBJC_ARC = YES;
				CLANG_WARN_BOOL_CONVERSION = YES;
				CLANG_WARN_CONSTANT_CONVERSION = YES;
				CLANG_WARN_DIRECT_OBJC_ISA_USAGE = YES_ERROR;
				CLANG_WARN_EMPTY_BODY = YES;
				CLANG_WARN_ENUM_CONVERSION = YES;
				CLANG_WARN_INT_CONVERSION = YES;
				CLANG_WARN_OBJC_ROOT_CLASS = YES_ERROR;
				CLANG_WARN_UNREACHABLE_CODE = YES;
				CLANG_WARN__DUPLICATE_METHOD_MATCH = YES;
				"CODE_SIGN_IDENTITY[sdk=iphoneos*]" = "iPhone Developer";
				COPY_PHASE_STRIP = NO;
				DEBUG_INFORMATION_FORMAT = "dwarf-with-dsym";
				ENABLE_STRICT_OBJC_MSGSEND = YES;
				GCC_C_LANGUAGE_STANDARD = gnu99;
				GCC_DYNAMIC_NO_PIC = NO;
				GCC_NO_COMMON_BLOCKS = YES;
				GCC_OPTIMIZATION_LEVEL = 0;
				GCC_PREPROCESSOR_DEFINITIONS = (
					"DEBUG=1",
					"$(inherited)",
				);
				GCC_SYMBOLS_PRIVATE_EXTERN = NO;
				GCC_WARN_64_TO_32_BIT_CONVERSION = YES;
				GCC_WARN_ABOUT_RETURN_TYPE = YES_ERROR;
				GCC_WARN_UNDECLARED_SELECTOR = YES;
				GCC_WARN_UNINITIALIZED_AUTOS = YES_AGGRESSIVE;
				GCC_WARN_UNUSED_FUNCTION = YES;
				GCC_WARN_UNUSED_VARIABLE = YES;
				IPHONEOS_DEPLOYMENT_TARGET = 8.4;
				MTL_ENABLE_DEBUG_INFO = YES;
				ONLY_ACTIVE_ARCH = YES;
				SDKROOT = iphoneos;
			};
			name = Debug;
		};
		179449081B724E0400D48AFB /* Release */ = {
			isa = XCBuildConfiguration;
			buildSettings = {
				ALWAYS_SEARCH_USER_PATHS = NO;
				CLANG_CXX_LANGUAGE_STANDARD = "gnu++0x";
				CLANG_CXX_LIBRARY = "libc++";
				CLANG_ENABLE_MODULES = YES;
				CLANG_ENABLE_OBJC_ARC = YES;
				CLANG_WARN_BOOL_CONVERSION = YES;
				CLANG_WARN_CONSTANT_CONVERSION = YES;
				CLANG_WARN_DIRECT_OBJC_ISA_USAGE = YES_ERROR;
				CLANG_WARN_EMPTY_BODY = YES;
				CLANG_WARN_ENUM_CONVERSION = YES;
				CLANG_WARN_INT_CONVERSION = YES;
				CLANG_WARN_OBJC_ROOT_CLASS = YES_ERROR;
				CLANG_WARN_UNREACHABLE_CODE = YES;
				CLANG_WARN__DUPLICATE_METHOD_MATCH = YES;
				"CODE_SIGN_IDENTITY[sdk=iphoneos*]" = "iPhone Developer";
				COPY_PHASE_STRIP = NO;
				DEBUG_INFORMATION_FORMAT = "dwarf-with-dsym";
				ENABLE_NS_ASSERTIONS = NO;
				ENABLE_STRICT_OBJC_MSGSEND = YES;
				GCC_C_LANGUAGE_STANDARD = gnu99;
				GCC_NO_COMMON_BLOCKS = YES;
				GCC_WARN_64_TO_32_BIT_CONVERSION = YES;
				GCC_WARN_ABOUT_RETURN_TYPE = YES_ERROR;
				GCC_WARN_UNDECLARED_SELECTOR = YES;
				GCC_WARN_UNINITIALIZED_AUTOS = YES_AGGRESSIVE;
				GCC_WARN_UNUSED_FUNCTION = YES;
				GCC_WARN_UNUSED_VARIABLE = YES;
				IPHONEOS_DEPLOYMENT_TARGET = 8.4;
				MTL_ENABLE_DEBUG_INFO = NO;
				SDKROOT = iphoneos;
				VALIDATE_PRODUCT = YES;
			};
			name = Release;
		};
		1794490A1B724E0400D48AFB /* Debug */ = {
			isa = XCBuildConfiguration;
			buildSettings = {
				ASSETCATALOG_COMPILER_APPICON_NAME = AppIcon;
				INFOPLIST_FILE = iOCR/Info.plist;
				LD_RUNPATH_SEARCH_PATHS = "$(inherited) @executable_path/Frameworks";
				PRODUCT_NAME = "$(TARGET_NAME)";
			};
			name = Debug;
		};
		1794490B1B724E0400D48AFB /* Release */ = {
			isa = XCBuildConfiguration;
			buildSettings = {
				ASSETCATALOG_COMPILER_APPICON_NAME = AppIcon;
				INFOPLIST_FILE = iOCR/Info.plist;
				LD_RUNPATH_SEARCH_PATHS = "$(inherited) @executable_path/Frameworks";
				PRODUCT_NAME = "$(TARGET_NAME)";
			};
			name = Release;
		};
		1794490D1B724E0400D48AFB /* Debug */ = {
			isa = XCBuildConfiguration;
			buildSettings = {
				BUNDLE_LOADER = "$(TEST_HOST)";
				FRAMEWORK_SEARCH_PATHS = (
					"$(SDKROOT)/Developer/Library/Frameworks",
					"$(inherited)",
				);
				GCC_PREPROCESSOR_DEFINITIONS = (
					"DEBUG=1",
					"$(inherited)",
				);
				INFOPLIST_FILE = iOCRTests/Info.plist;
				LD_RUNPATH_SEARCH_PATHS = "$(inherited) @executable_path/Frameworks @loader_path/Frameworks";
				PRODUCT_NAME = "$(TARGET_NAME)";
				TEST_HOST = "$(BUILT_PRODUCTS_DIR)/iOCR.app/iOCR";
			};
			name = Debug;
		};
		1794490E1B724E0400D48AFB /* Release */ = {
			isa = XCBuildConfiguration;
			buildSettings = {
				BUNDLE_LOADER = "$(TEST_HOST)";
				FRAMEWORK_SEARCH_PATHS = (
					"$(SDKROOT)/Developer/Library/Frameworks",
					"$(inherited)",
				);
				INFOPLIST_FILE = iOCRTests/Info.plist;
				LD_RUNPATH_SEARCH_PATHS = "$(inherited) @executable_path/Frameworks @loader_path/Frameworks";
				PRODUCT_NAME = "$(TARGET_NAME)";
				TEST_HOST = "$(BUILT_PRODUCTS_DIR)/iOCR.app/iOCR";
			};
			name = Release;
		};
/* End XCBuildConfiguration section */

/* Begin XCConfigurationList section */
		179448DE1B724E0400D48AFB /* Build configuration list for PBXProject "iOCR" */ = {
			isa = XCConfigurationList;
			buildConfigurations = (
				179449071B724E0400D48AFB /* Debug */,
				179449081B724E0400D48AFB /* Release */,
			);
			defaultConfigurationIsVisible = 0;
			defaultConfigurationName = Release;
		};
		179449091B724E0400D48AFB /* Build configuration list for PBXNativeTarget "iOCR" */ = {
			isa = XCConfigurationList;
			buildConfigurations = (
				1794490A1B724E0400D48AFB /* Debug */,
				1794490B1B724E0400D48AFB /* Release */,
			);
			defaultConfigurationIsVisible = 0;
		};
		1794490C1B724E0400D48AFB /* Build configuration list for PBXNativeTarget "iOCRTests" */ = {
			isa = XCConfigurationList;
			buildConfigurations = (
				1794490D1B724E0400D48AFB /* Debug */,
				1794490E1B724E0400D48AFB /* Release */,
			);
			defaultConfigurationIsVisible = 0;
		};
/* End XCConfigurationList section */

/* Begin XCVersionGroup section */
		179448ED1B724E0400D48AFB /* iOCR.xcdatamodeld */ = {
			isa = XCVersionGroup;
			children = (
				179448EE1B724E0400D48AFB /* iOCR.xcdatamodel */,
			);
			currentVersion = 179448EE1B724E0400D48AFB /* iOCR.xcdatamodel */;
			path = iOCR.xcdatamodeld;
			sourceTree = "<group>";
			versionGroupType = wrapper.xcdatamodel;
		};
/* End XCVersionGroup section */
	};
	rootObject = 179448DB1B724E0400D48AFB /* Project object */;
}
